// !$*UTF8*$!
{
	archiveVersion = 1;
	classes = {
	};
	objectVersion = 56;
	objects = {

/* Begin PBXBuildFile section */
		5B0D56362923EAB700534C93 /* AllCharactersResquest.swift in Sources */ = {isa = PBXBuildFile; fileRef = 5B0D56352923EAB700534C93 /* AllCharactersResquest.swift */; };
		5B0D56382923EB8100534C93 /* SingleCharacterResquest.swift in Sources */ = {isa = PBXBuildFile; fileRef = 5B0D56372923EB8100534C93 /* SingleCharacterResquest.swift */; };
		5B0D563B2923EC3700534C93 /* CharacterDataManager.swift in Sources */ = {isa = PBXBuildFile; fileRef = 5B0D563A2923EC3700534C93 /* CharacterDataManager.swift */; };
		5B0D563D2923F0EE00534C93 /* TESTVm.swift in Sources */ = {isa = PBXBuildFile; fileRef = 5B0D563C2923F0EE00534C93 /* TESTVm.swift */; };
		5B60AE9229229FB7000AA2A1 /* RickAndMortyAppApp.swift in Sources */ = {isa = PBXBuildFile; fileRef = 5B60AE9129229FB7000AA2A1 /* RickAndMortyAppApp.swift */; };
		5B60AE9429229FB7000AA2A1 /* ContentView.swift in Sources */ = {isa = PBXBuildFile; fileRef = 5B60AE9329229FB7000AA2A1 /* ContentView.swift */; };
		5B60AE9629229FB8000AA2A1 /* Assets.xcassets in Resources */ = {isa = PBXBuildFile; fileRef = 5B60AE9529229FB8000AA2A1 /* Assets.xcassets */; };
		5B60AE9929229FB8000AA2A1 /* Preview Assets.xcassets in Resources */ = {isa = PBXBuildFile; fileRef = 5B60AE9829229FB8000AA2A1 /* Preview Assets.xcassets */; };
		5B60AEA42922A510000AA2A1 /* CharacterInfo.swift in Sources */ = {isa = PBXBuildFile; fileRef = 5B60AEA32922A510000AA2A1 /* CharacterInfo.swift */; };
		5B60AEA62922A55B000AA2A1 /* CharBaseInfo.swift in Sources */ = {isa = PBXBuildFile; fileRef = 5B60AEA52922A55B000AA2A1 /* CharBaseInfo.swift */; };
		5B60AEA82922A571000AA2A1 /* Character.swift in Sources */ = {isa = PBXBuildFile; fileRef = 5B60AEA72922A571000AA2A1 /* Character.swift */; };
		5B60AEAA2922A581000AA2A1 /* CharLocation.swift in Sources */ = {isa = PBXBuildFile; fileRef = 5B60AEA92922A581000AA2A1 /* CharLocation.swift */; };
		5B60AEAF2922B290000AA2A1 /* RMLocation.swift in Sources */ = {isa = PBXBuildFile; fileRef = 5B60AEAE2922B290000AA2A1 /* RMLocation.swift */; };
		5B60AEB12922B31E000AA2A1 /* LocationBaseInfo.swift in Sources */ = {isa = PBXBuildFile; fileRef = 5B60AEB02922B31E000AA2A1 /* LocationBaseInfo.swift */; };
		5B60AEB32922B359000AA2A1 /* RMLocationInfo.swift in Sources */ = {isa = PBXBuildFile; fileRef = 5B60AEB22922B359000AA2A1 /* RMLocationInfo.swift */; };
		5B60AEB62922B50C000AA2A1 /* Episode.swift in Sources */ = {isa = PBXBuildFile; fileRef = 5B60AEB52922B50C000AA2A1 /* Episode.swift */; };
		5B60AEB82922B60A000AA2A1 /* EpisodeBaseInfo.swift in Sources */ = {isa = PBXBuildFile; fileRef = 5B60AEB72922B60A000AA2A1 /* EpisodeBaseInfo.swift */; };
		5B60AEBA2922B63D000AA2A1 /* EpisodeInfo.swift in Sources */ = {isa = PBXBuildFile; fileRef = 5B60AEB92922B63D000AA2A1 /* EpisodeInfo.swift */; };
		5B60AEBE2922B7B1000AA2A1 /* Network.swift in Sources */ = {isa = PBXBuildFile; fileRef = 5B60AEBD2922B7B1000AA2A1 /* Network.swift */; };
		5B60AEC02922B7DD000AA2A1 /* NetworkingError.swift in Sources */ = {isa = PBXBuildFile; fileRef = 5B60AEBF2922B7DD000AA2A1 /* NetworkingError.swift */; };
		5B60AEC22922B8F4000AA2A1 /* URLRequestBuilder.swift in Sources */ = {isa = PBXBuildFile; fileRef = 5B60AEC12922B8F4000AA2A1 /* URLRequestBuilder.swift */; };
		5B60AEC62922BB72000AA2A1 /* NetworkManager.swift in Sources */ = {isa = PBXBuildFile; fileRef = 5B60AEC52922BB72000AA2A1 /* NetworkManager.swift */; };
		5B60AEC92922BCE2000AA2A1 /* DataManager.swift in Sources */ = {isa = PBXBuildFile; fileRef = 5B60AEC82922BCE2000AA2A1 /* DataManager.swift */; };
		5B60AECC2922BEFA000AA2A1 /* APIPath.swift in Sources */ = {isa = PBXBuildFile; fileRef = 5B60AECB2922BEFA000AA2A1 /* APIPath.swift */; };
		5B60AECE2922BF15000AA2A1 /* APIMode.swift in Sources */ = {isa = PBXBuildFile; fileRef = 5B60AECD2922BF15000AA2A1 /* APIMode.swift */; };
		5B60AED02922BF84000AA2A1 /* CharacterPaths.swift in Sources */ = {isa = PBXBuildFile; fileRef = 5B60AECF2922BF84000AA2A1 /* CharacterPaths.swift */; };
		5B60AED22922C074000AA2A1 /* RMLocationPaths.swift in Sources */ = {isa = PBXBuildFile; fileRef = 5B60AED12922C074000AA2A1 /* RMLocationPaths.swift */; };
		5B60AED42922C0E3000AA2A1 /* EpisodePaths.swift in Sources */ = {isa = PBXBuildFile; fileRef = 5B60AED32922C0E3000AA2A1 /* EpisodePaths.swift */; };
		5B81028C292D2EB200088044 /* ViewModel.swift in Sources */ = {isa = PBXBuildFile; fileRef = 5B81028B292D2EB200088044 /* ViewModel.swift */; };
		5B810290292D2F0A00088044 /* DataModelState.swift in Sources */ = {isa = PBXBuildFile; fileRef = 5B81028F292D2F0A00088044 /* DataModelState.swift */; };
		5B810294292D2FEA00088044 /* HomeViewModel.swift in Sources */ = {isa = PBXBuildFile; fileRef = 5B810293292D2FEA00088044 /* HomeViewModel.swift */; };
		5B810296292D300900088044 /* HomeView.swift in Sources */ = {isa = PBXBuildFile; fileRef = 5B810295292D300900088044 /* HomeView.swift */; };
		5B81029A292D361B00088044 /* RMLocationView.swift in Sources */ = {isa = PBXBuildFile; fileRef = 5B810299292D361B00088044 /* RMLocationView.swift */; };
		5B81029C292D362700088044 /* RMLocationViewModel.swift in Sources */ = {isa = PBXBuildFile; fileRef = 5B81029B292D362700088044 /* RMLocationViewModel.swift */; };
		5B81029E292D363500088044 /* CharactersView.swift in Sources */ = {isa = PBXBuildFile; fileRef = 5B81029D292D363500088044 /* CharactersView.swift */; };
		5B8102A0292D364200088044 /* CharactersViewModel.swift in Sources */ = {isa = PBXBuildFile; fileRef = 5B81029F292D364200088044 /* CharactersViewModel.swift */; };
		5B8D0360292BD7F700522674 /* AllEpisodesRequest.swift in Sources */ = {isa = PBXBuildFile; fileRef = 5B8D035F292BD7F700522674 /* AllEpisodesRequest.swift */; };
		5B8D0362292BD86200522674 /* SingleEpisodeRequest.swift in Sources */ = {isa = PBXBuildFile; fileRef = 5B8D0361292BD86200522674 /* SingleEpisodeRequest.swift */; };
		5B8D0365292BD8E400522674 /* AllLocationsResquest.swift in Sources */ = {isa = PBXBuildFile; fileRef = 5B8D0364292BD8E400522674 /* AllLocationsResquest.swift */; };
		5B8D0367292BD91700522674 /* SingleLocationRequest.swift in Sources */ = {isa = PBXBuildFile; fileRef = 5B8D0366292BD91700522674 /* SingleLocationRequest.swift */; };
		5B8D036A292BD96F00522674 /* RMLocationDataManager.swift in Sources */ = {isa = PBXBuildFile; fileRef = 5B8D0369292BD96F00522674 /* RMLocationDataManager.swift */; };
		5B8D036D292BD9C900522674 /* EpisodesDataManager.swift in Sources */ = {isa = PBXBuildFile; fileRef = 5B8D036C292BD9C900522674 /* EpisodesDataManager.swift */; };
		5B8D0375292BDF4E00522674 /* RickAndMorty_PathGenerationTest.swift in Sources */ = {isa = PBXBuildFile; fileRef = 5B8D0374292BDF4E00522674 /* RickAndMorty_PathGenerationTest.swift */; };
		5B8D037B292BE09800522674 /* AllCharactersResquest.swift in Sources */ = {isa = PBXBuildFile; fileRef = 5B0D56352923EAB700534C93 /* AllCharactersResquest.swift */; };
		5B8D037C292BE23300522674 /* URLRequestBuilder.swift in Sources */ = {isa = PBXBuildFile; fileRef = 5B60AEC12922B8F4000AA2A1 /* URLRequestBuilder.swift */; };
		5B8D037D292BE28E00522674 /* NetworkingError.swift in Sources */ = {isa = PBXBuildFile; fileRef = 5B60AEBF2922B7DD000AA2A1 /* NetworkingError.swift */; };
		5B8D037E292BE29200522674 /* APIMode.swift in Sources */ = {isa = PBXBuildFile; fileRef = 5B60AECD2922BF15000AA2A1 /* APIMode.swift */; };
		5B8D037F292BE29800522674 /* APIPath.swift in Sources */ = {isa = PBXBuildFile; fileRef = 5B60AECB2922BEFA000AA2A1 /* APIPath.swift */; };
		5B8D0380292BE29A00522674 /* CharacterPaths.swift in Sources */ = {isa = PBXBuildFile; fileRef = 5B60AECF2922BF84000AA2A1 /* CharacterPaths.swift */; };
		5B8D0381292BE29D00522674 /* RMLocationPaths.swift in Sources */ = {isa = PBXBuildFile; fileRef = 5B60AED12922C074000AA2A1 /* RMLocationPaths.swift */; };
		5B8D0382292BE2A000522674 /* EpisodePaths.swift in Sources */ = {isa = PBXBuildFile; fileRef = 5B60AED32922C0E3000AA2A1 /* EpisodePaths.swift */; };
		5B8D0383292BE2DD00522674 /* CharacterInfo.swift in Sources */ = {isa = PBXBuildFile; fileRef = 5B60AEA32922A510000AA2A1 /* CharacterInfo.swift */; };
		5B8F6DBB292F6BCF00700AC3 /* ImageResquest.swift in Sources */ = {isa = PBXBuildFile; fileRef = 5B8F6DBA292F6BCF00700AC3 /* ImageResquest.swift */; };
		5B8F6DBF292F701200700AC3 /* ImageComponent.swift in Sources */ = {isa = PBXBuildFile; fileRef = 5B8F6DBE292F701200700AC3 /* ImageComponent.swift */; };
		5B8F6DC2292F703500700AC3 /* ImageComponentViewModel.swift in Sources */ = {isa = PBXBuildFile; fileRef = 5B8F6DC1292F703500700AC3 /* ImageComponentViewModel.swift */; };
		5B8F6DC5292F776500700AC3 /* ImageDataManager.swift in Sources */ = {isa = PBXBuildFile; fileRef = 5B8F6DC4292F776500700AC3 /* ImageDataManager.swift */; };
		5B8F6DC9292F783200700AC3 /* ImageLocallFileManager.swift in Sources */ = {isa = PBXBuildFile; fileRef = 5B8F6DC8292F783200700AC3 /* ImageLocallFileManager.swift */; };
		5B8F6DCC292F795C00700AC3 /* LocalDataManager.swift in Sources */ = {isa = PBXBuildFile; fileRef = 5B8F6DCB292F795C00700AC3 /* LocalDataManager.swift */; };
		5B8F6DCE292F7BD000700AC3 /* LocalFileDataManager.swift in Sources */ = {isa = PBXBuildFile; fileRef = 5B8F6DCD292F7BD000700AC3 /* LocalFileDataManager.swift */; };
		5B8F6DD1292FDB3D00700AC3 /* ImageModel.swift in Sources */ = {isa = PBXBuildFile; fileRef = 5B8F6DD0292FDB3D00700AC3 /* ImageModel.swift */; };
		5B8F6DD3292FE68300700AC3 /* NONEPAths.swift in Sources */ = {isa = PBXBuildFile; fileRef = 5B8F6DD2292FE68300700AC3 /* NONEPAths.swift */; };
		5B916D2E292BEDED0012D575 /* RouterView.swift in Sources */ = {isa = PBXBuildFile; fileRef = 5B916D2D292BEDED0012D575 /* RouterView.swift */; };
		5B916D30292BEE2E0012D575 /* ScreensRoutes.swift in Sources */ = {isa = PBXBuildFile; fileRef = 5B916D2F292BEE2E0012D575 /* ScreensRoutes.swift */; };
		5B916D32292BEE360012D575 /* TabRoutes.swift in Sources */ = {isa = PBXBuildFile; fileRef = 5B916D31292BEE360012D575 /* TabRoutes.swift */; };
		5B916D36292BEEB00012D575 /* RouterViewModel.swift in Sources */ = {isa = PBXBuildFile; fileRef = 5B916D35292BEEB00012D575 /* RouterViewModel.swift */; };
		5BB05A1F292BE32C00844DC1 /* CharBaseInfo.swift in Sources */ = {isa = PBXBuildFile; fileRef = 5B60AEA52922A55B000AA2A1 /* CharBaseInfo.swift */; };
		5BB05A20292BE32E00844DC1 /* Character.swift in Sources */ = {isa = PBXBuildFile; fileRef = 5B60AEA72922A571000AA2A1 /* Character.swift */; };
		5BB05A21292BE33100844DC1 /* CharLocation.swift in Sources */ = {isa = PBXBuildFile; fileRef = 5B60AEA92922A581000AA2A1 /* CharLocation.swift */; };
/* End PBXBuildFile section */

/* Begin PBXContainerItemProxy section */
		5B8D0376292BDF4E00522674 /* PBXContainerItemProxy */ = {
			isa = PBXContainerItemProxy;
			containerPortal = 5B60AE8629229FB7000AA2A1 /* Project object */;
			proxyType = 1;
			remoteGlobalIDString = 5B60AE8D29229FB7000AA2A1;
			remoteInfo = RickAndMortyApp;
		};
/* End PBXContainerItemProxy section */

/* Begin PBXFileReference section */
		5B0D56352923EAB700534C93 /* AllCharactersResquest.swift */ = {isa = PBXFileReference; lastKnownFileType = sourcecode.swift; path = AllCharactersResquest.swift; sourceTree = "<group>"; };
		5B0D56372923EB8100534C93 /* SingleCharacterResquest.swift */ = {isa = PBXFileReference; lastKnownFileType = sourcecode.swift; path = SingleCharacterResquest.swift; sourceTree = "<group>"; };
		5B0D563A2923EC3700534C93 /* CharacterDataManager.swift */ = {isa = PBXFileReference; lastKnownFileType = sourcecode.swift; path = CharacterDataManager.swift; sourceTree = "<group>"; };
		5B0D563C2923F0EE00534C93 /* TESTVm.swift */ = {isa = PBXFileReference; lastKnownFileType = sourcecode.swift; path = TESTVm.swift; sourceTree = "<group>"; };
		5B60AE8E29229FB7000AA2A1 /* RickAndMortyApp.app */ = {isa = PBXFileReference; explicitFileType = wrapper.application; includeInIndex = 0; path = RickAndMortyApp.app; sourceTree = BUILT_PRODUCTS_DIR; };
		5B60AE9129229FB7000AA2A1 /* RickAndMortyAppApp.swift */ = {isa = PBXFileReference; lastKnownFileType = sourcecode.swift; path = RickAndMortyAppApp.swift; sourceTree = "<group>"; };
		5B60AE9329229FB7000AA2A1 /* ContentView.swift */ = {isa = PBXFileReference; lastKnownFileType = sourcecode.swift; path = ContentView.swift; sourceTree = "<group>"; };
		5B60AE9529229FB8000AA2A1 /* Assets.xcassets */ = {isa = PBXFileReference; lastKnownFileType = folder.assetcatalog; path = Assets.xcassets; sourceTree = "<group>"; };
		5B60AE9829229FB8000AA2A1 /* Preview Assets.xcassets */ = {isa = PBXFileReference; lastKnownFileType = folder.assetcatalog; path = "Preview Assets.xcassets"; sourceTree = "<group>"; };
		5B60AEA32922A510000AA2A1 /* CharacterInfo.swift */ = {isa = PBXFileReference; lastKnownFileType = sourcecode.swift; path = CharacterInfo.swift; sourceTree = "<group>"; };
		5B60AEA52922A55B000AA2A1 /* CharBaseInfo.swift */ = {isa = PBXFileReference; lastKnownFileType = sourcecode.swift; path = CharBaseInfo.swift; sourceTree = "<group>"; };
		5B60AEA72922A571000AA2A1 /* Character.swift */ = {isa = PBXFileReference; lastKnownFileType = sourcecode.swift; path = Character.swift; sourceTree = "<group>"; };
		5B60AEA92922A581000AA2A1 /* CharLocation.swift */ = {isa = PBXFileReference; lastKnownFileType = sourcecode.swift; path = CharLocation.swift; sourceTree = "<group>"; };
		5B60AEAE2922B290000AA2A1 /* RMLocation.swift */ = {isa = PBXFileReference; lastKnownFileType = sourcecode.swift; path = RMLocation.swift; sourceTree = "<group>"; };
		5B60AEB02922B31E000AA2A1 /* LocationBaseInfo.swift */ = {isa = PBXFileReference; lastKnownFileType = sourcecode.swift; path = LocationBaseInfo.swift; sourceTree = "<group>"; };
		5B60AEB22922B359000AA2A1 /* RMLocationInfo.swift */ = {isa = PBXFileReference; lastKnownFileType = sourcecode.swift; path = RMLocationInfo.swift; sourceTree = "<group>"; };
		5B60AEB52922B50C000AA2A1 /* Episode.swift */ = {isa = PBXFileReference; lastKnownFileType = sourcecode.swift; path = Episode.swift; sourceTree = "<group>"; };
		5B60AEB72922B60A000AA2A1 /* EpisodeBaseInfo.swift */ = {isa = PBXFileReference; lastKnownFileType = sourcecode.swift; path = EpisodeBaseInfo.swift; sourceTree = "<group>"; };
		5B60AEB92922B63D000AA2A1 /* EpisodeInfo.swift */ = {isa = PBXFileReference; lastKnownFileType = sourcecode.swift; path = EpisodeInfo.swift; sourceTree = "<group>"; };
		5B60AEBD2922B7B1000AA2A1 /* Network.swift */ = {isa = PBXFileReference; lastKnownFileType = sourcecode.swift; path = Network.swift; sourceTree = "<group>"; };
		5B60AEBF2922B7DD000AA2A1 /* NetworkingError.swift */ = {isa = PBXFileReference; lastKnownFileType = sourcecode.swift; path = NetworkingError.swift; sourceTree = "<group>"; };
		5B60AEC12922B8F4000AA2A1 /* URLRequestBuilder.swift */ = {isa = PBXFileReference; lastKnownFileType = sourcecode.swift; path = URLRequestBuilder.swift; sourceTree = "<group>"; };
		5B60AEC52922BB72000AA2A1 /* NetworkManager.swift */ = {isa = PBXFileReference; lastKnownFileType = sourcecode.swift; path = NetworkManager.swift; sourceTree = "<group>"; };
		5B60AEC82922BCE2000AA2A1 /* DataManager.swift */ = {isa = PBXFileReference; lastKnownFileType = sourcecode.swift; path = DataManager.swift; sourceTree = "<group>"; };
		5B60AECB2922BEFA000AA2A1 /* APIPath.swift */ = {isa = PBXFileReference; lastKnownFileType = sourcecode.swift; path = APIPath.swift; sourceTree = "<group>"; };
		5B60AECD2922BF15000AA2A1 /* APIMode.swift */ = {isa = PBXFileReference; lastKnownFileType = sourcecode.swift; path = APIMode.swift; sourceTree = "<group>"; };
		5B60AECF2922BF84000AA2A1 /* CharacterPaths.swift */ = {isa = PBXFileReference; lastKnownFileType = sourcecode.swift; path = CharacterPaths.swift; sourceTree = "<group>"; };
		5B60AED12922C074000AA2A1 /* RMLocationPaths.swift */ = {isa = PBXFileReference; lastKnownFileType = sourcecode.swift; path = RMLocationPaths.swift; sourceTree = "<group>"; };
		5B60AED32922C0E3000AA2A1 /* EpisodePaths.swift */ = {isa = PBXFileReference; lastKnownFileType = sourcecode.swift; path = EpisodePaths.swift; sourceTree = "<group>"; };
		5B81028B292D2EB200088044 /* ViewModel.swift */ = {isa = PBXFileReference; lastKnownFileType = sourcecode.swift; path = ViewModel.swift; sourceTree = "<group>"; };
		5B81028F292D2F0A00088044 /* DataModelState.swift */ = {isa = PBXFileReference; lastKnownFileType = sourcecode.swift; path = DataModelState.swift; sourceTree = "<group>"; };
		5B810293292D2FEA00088044 /* HomeViewModel.swift */ = {isa = PBXFileReference; lastKnownFileType = sourcecode.swift; path = HomeViewModel.swift; sourceTree = "<group>"; };
		5B810295292D300900088044 /* HomeView.swift */ = {isa = PBXFileReference; lastKnownFileType = sourcecode.swift; path = HomeView.swift; sourceTree = "<group>"; };
		5B810299292D361B00088044 /* RMLocationView.swift */ = {isa = PBXFileReference; lastKnownFileType = sourcecode.swift; path = RMLocationView.swift; sourceTree = "<group>"; };
		5B81029B292D362700088044 /* RMLocationViewModel.swift */ = {isa = PBXFileReference; lastKnownFileType = sourcecode.swift; path = RMLocationViewModel.swift; sourceTree = "<group>"; };
		5B81029D292D363500088044 /* CharactersView.swift */ = {isa = PBXFileReference; lastKnownFileType = sourcecode.swift; path = CharactersView.swift; sourceTree = "<group>"; };
		5B81029F292D364200088044 /* CharactersViewModel.swift */ = {isa = PBXFileReference; lastKnownFileType = sourcecode.swift; path = CharactersViewModel.swift; sourceTree = "<group>"; };
		5B8D035F292BD7F700522674 /* AllEpisodesRequest.swift */ = {isa = PBXFileReference; lastKnownFileType = sourcecode.swift; path = AllEpisodesRequest.swift; sourceTree = "<group>"; };
		5B8D0361292BD86200522674 /* SingleEpisodeRequest.swift */ = {isa = PBXFileReference; lastKnownFileType = sourcecode.swift; path = SingleEpisodeRequest.swift; sourceTree = "<group>"; };
		5B8D0364292BD8E400522674 /* AllLocationsResquest.swift */ = {isa = PBXFileReference; lastKnownFileType = sourcecode.swift; path = AllLocationsResquest.swift; sourceTree = "<group>"; };
		5B8D0366292BD91700522674 /* SingleLocationRequest.swift */ = {isa = PBXFileReference; lastKnownFileType = sourcecode.swift; path = SingleLocationRequest.swift; sourceTree = "<group>"; };
		5B8D0369292BD96F00522674 /* RMLocationDataManager.swift */ = {isa = PBXFileReference; lastKnownFileType = sourcecode.swift; path = RMLocationDataManager.swift; sourceTree = "<group>"; };
		5B8D036C292BD9C900522674 /* EpisodesDataManager.swift */ = {isa = PBXFileReference; lastKnownFileType = sourcecode.swift; path = EpisodesDataManager.swift; sourceTree = "<group>"; };
		5B8D0372292BDF4E00522674 /* RickAndMortyAppTests.xctest */ = {isa = PBXFileReference; explicitFileType = wrapper.cfbundle; includeInIndex = 0; path = RickAndMortyAppTests.xctest; sourceTree = BUILT_PRODUCTS_DIR; };
		5B8D0374292BDF4E00522674 /* RickAndMorty_PathGenerationTest.swift */ = {isa = PBXFileReference; lastKnownFileType = sourcecode.swift; path = RickAndMorty_PathGenerationTest.swift; sourceTree = "<group>"; };
		5B8F6DBA292F6BCF00700AC3 /* ImageResquest.swift */ = {isa = PBXFileReference; lastKnownFileType = sourcecode.swift; path = ImageResquest.swift; sourceTree = "<group>"; };
		5B8F6DBE292F701200700AC3 /* ImageComponent.swift */ = {isa = PBXFileReference; lastKnownFileType = sourcecode.swift; path = ImageComponent.swift; sourceTree = "<group>"; };
		5B8F6DC1292F703500700AC3 /* ImageComponentViewModel.swift */ = {isa = PBXFileReference; lastKnownFileType = sourcecode.swift; path = ImageComponentViewModel.swift; sourceTree = "<group>"; };
		5B8F6DC4292F776500700AC3 /* ImageDataManager.swift */ = {isa = PBXFileReference; lastKnownFileType = sourcecode.swift; path = ImageDataManager.swift; sourceTree = "<group>"; };
		5B8F6DC8292F783200700AC3 /* ImageLocallFileManager.swift */ = {isa = PBXFileReference; lastKnownFileType = sourcecode.swift; path = ImageLocallFileManager.swift; sourceTree = "<group>"; };
		5B8F6DCB292F795C00700AC3 /* LocalDataManager.swift */ = {isa = PBXFileReference; lastKnownFileType = sourcecode.swift; path = LocalDataManager.swift; sourceTree = "<group>"; };
		5B8F6DCD292F7BD000700AC3 /* LocalFileDataManager.swift */ = {isa = PBXFileReference; lastKnownFileType = sourcecode.swift; path = LocalFileDataManager.swift; sourceTree = "<group>"; };
		5B8F6DD0292FDB3D00700AC3 /* ImageModel.swift */ = {isa = PBXFileReference; lastKnownFileType = sourcecode.swift; path = ImageModel.swift; sourceTree = "<group>"; };
		5B8F6DD2292FE68300700AC3 /* NONEPAths.swift */ = {isa = PBXFileReference; lastKnownFileType = sourcecode.swift; path = NONEPAths.swift; sourceTree = "<group>"; };
		5B916D2D292BEDED0012D575 /* RouterView.swift */ = {isa = PBXFileReference; lastKnownFileType = sourcecode.swift; path = RouterView.swift; sourceTree = "<group>"; };
		5B916D2F292BEE2E0012D575 /* ScreensRoutes.swift */ = {isa = PBXFileReference; lastKnownFileType = sourcecode.swift; path = ScreensRoutes.swift; sourceTree = "<group>"; };
		5B916D31292BEE360012D575 /* TabRoutes.swift */ = {isa = PBXFileReference; lastKnownFileType = sourcecode.swift; path = TabRoutes.swift; sourceTree = "<group>"; };
		5B916D35292BEEB00012D575 /* RouterViewModel.swift */ = {isa = PBXFileReference; lastKnownFileType = sourcecode.swift; path = RouterViewModel.swift; sourceTree = "<group>"; };
/* End PBXFileReference section */

/* Begin PBXFrameworksBuildPhase section */
		5B60AE8B29229FB7000AA2A1 /* Frameworks */ = {
			isa = PBXFrameworksBuildPhase;
			buildActionMask = 2147483647;
			files = (
			);
			runOnlyForDeploymentPostprocessing = 0;
		};
		5B8D036F292BDF4E00522674 /* Frameworks */ = {
			isa = PBXFrameworksBuildPhase;
			buildActionMask = 2147483647;
			files = (
			);
			runOnlyForDeploymentPostprocessing = 0;
		};
/* End PBXFrameworksBuildPhase section */

/* Begin PBXGroup section */
		5B0D56322923EA0100534C93 /* Connection */ = {
			isa = PBXGroup;
			children = (
				5B60AEBF2922B7DD000AA2A1 /* NetworkingError.swift */,
				5B60AEC12922B8F4000AA2A1 /* URLRequestBuilder.swift */,
				5B60AECD2922BF15000AA2A1 /* APIMode.swift */,
			);
			path = Connection;
			sourceTree = "<group>";
		};
		5B0D56332923EA9600534C93 /* RequestModels */ = {
			isa = PBXGroup;
			children = (
				5B8F6DB9292F6BA800700AC3 /* Images */,
				5B8D0363292BD8D400522674 /* Locations */,
				5B8D035E292BD79100522674 /* Episodes */,
				5B0D56342923EAAA00534C93 /* Charaters */,
			);
			path = RequestModels;
			sourceTree = "<group>";
		};
		5B0D56342923EAAA00534C93 /* Charaters */ = {
			isa = PBXGroup;
			children = (
				5B0D56352923EAB700534C93 /* AllCharactersResquest.swift */,
				5B0D56372923EB8100534C93 /* SingleCharacterResquest.swift */,
			);
			path = Charaters;
			sourceTree = "<group>";
		};
		5B0D56392923EC2100534C93 /* Character */ = {
			isa = PBXGroup;
			children = (
				5B0D563A2923EC3700534C93 /* CharacterDataManager.swift */,
			);
			path = Character;
			sourceTree = "<group>";
		};
		5B60AE8529229FB7000AA2A1 = {
			isa = PBXGroup;
			children = (
				5B60AE9029229FB7000AA2A1 /* RickAndMortyApp */,
				5B8D0373292BDF4E00522674 /* RickAndMortyAppTests */,
				5B60AE8F29229FB7000AA2A1 /* Products */,
			);
			sourceTree = "<group>";
		};
		5B60AE8F29229FB7000AA2A1 /* Products */ = {
			isa = PBXGroup;
			children = (
				5B60AE8E29229FB7000AA2A1 /* RickAndMortyApp.app */,
				5B8D0372292BDF4E00522674 /* RickAndMortyAppTests.xctest */,
			);
			name = Products;
			sourceTree = "<group>";
		};
		5B60AE9029229FB7000AA2A1 /* RickAndMortyApp */ = {
			isa = PBXGroup;
			children = (
				5B916D2B292BEDBD0012D575 /* App */,
				5B60AEC72922BCCB000AA2A1 /* DataManagers */,
				5B60AEBB2922B786000AA2A1 /* Network */,
				5B60AE9F2922A4D7000AA2A1 /* Models */,
				5B810291292D2FC900088044 /* Views */,
				5B8F6DBC292F6FE600700AC3 /* Resources */,
				5B60AE9329229FB7000AA2A1 /* ContentView.swift */,
				5B0D563C2923F0EE00534C93 /* TESTVm.swift */,
				5B60AE9729229FB8000AA2A1 /* Preview Content */,
			);
			path = RickAndMortyApp;
			sourceTree = "<group>";
		};
		5B60AE9729229FB8000AA2A1 /* Preview Content */ = {
			isa = PBXGroup;
			children = (
				5B60AE9829229FB8000AA2A1 /* Preview Assets.xcassets */,
			);
			path = "Preview Content";
			sourceTree = "<group>";
		};
		5B60AE9F2922A4D7000AA2A1 /* Models */ = {
			isa = PBXGroup;
			children = (
				5B8F6DCF292FDB3400700AC3 /* Image */,
				5B60AEB42922B4B6000AA2A1 /* EpisodeRelated */,
				5B60AEAD2922B25E000AA2A1 /* LocationRelated */,
				5B60AEAC2922B24D000AA2A1 /* CharaterRelated */,
			);
			path = Models;
			sourceTree = "<group>";
		};
		5B60AEAC2922B24D000AA2A1 /* CharaterRelated */ = {
			isa = PBXGroup;
			children = (
				5B60AEA32922A510000AA2A1 /* CharacterInfo.swift */,
				5B60AEA52922A55B000AA2A1 /* CharBaseInfo.swift */,
				5B60AEA72922A571000AA2A1 /* Character.swift */,
				5B60AEA92922A581000AA2A1 /* CharLocation.swift */,
			);
			path = CharaterRelated;
			sourceTree = "<group>";
		};
		5B60AEAD2922B25E000AA2A1 /* LocationRelated */ = {
			isa = PBXGroup;
			children = (
				5B60AEAE2922B290000AA2A1 /* RMLocation.swift */,
				5B60AEB02922B31E000AA2A1 /* LocationBaseInfo.swift */,
				5B60AEB22922B359000AA2A1 /* RMLocationInfo.swift */,
			);
			path = LocationRelated;
			sourceTree = "<group>";
		};
		5B60AEB42922B4B6000AA2A1 /* EpisodeRelated */ = {
			isa = PBXGroup;
			children = (
				5B60AEB52922B50C000AA2A1 /* Episode.swift */,
				5B60AEB72922B60A000AA2A1 /* EpisodeBaseInfo.swift */,
				5B60AEB92922B63D000AA2A1 /* EpisodeInfo.swift */,
			);
			path = EpisodeRelated;
			sourceTree = "<group>";
		};
		5B60AEBB2922B786000AA2A1 /* Network */ = {
			isa = PBXGroup;
			children = (
				5B0D56332923EA9600534C93 /* RequestModels */,
				5B0D56322923EA0100534C93 /* Connection */,
				5B60AECA2922BDAB000AA2A1 /* Paths */,
				5B60AEBC2922B790000AA2A1 /* Services */,
			);
			path = Network;
			sourceTree = "<group>";
		};
		5B60AEBC2922B790000AA2A1 /* Services */ = {
			isa = PBXGroup;
			children = (
				5B60AEBD2922B7B1000AA2A1 /* Network.swift */,
			);
			path = Services;
			sourceTree = "<group>";
		};
		5B60AEC72922BCCB000AA2A1 /* DataManagers */ = {
			isa = PBXGroup;
			children = (
				5B60AEC82922BCE2000AA2A1 /* DataManager.swift */,
				5B8F6DCA292F792500700AC3 /* Services */,
				5B8F6DC3292F775300700AC3 /* Images */,
				5B8D036B292BD9AC00522674 /* Episodes */,
				5B8D0368292BD95B00522674 /* RMLocation */,
				5B0D56392923EC2100534C93 /* Character */,
			);
			path = DataManagers;
			sourceTree = "<group>";
		};
		5B60AECA2922BDAB000AA2A1 /* Paths */ = {
			isa = PBXGroup;
			children = (
				5B60AECB2922BEFA000AA2A1 /* APIPath.swift */,
				5B60AECF2922BF84000AA2A1 /* CharacterPaths.swift */,
				5B60AED12922C074000AA2A1 /* RMLocationPaths.swift */,
				5B60AED32922C0E3000AA2A1 /* EpisodePaths.swift */,
				5B8F6DD2292FE68300700AC3 /* NONEPAths.swift */,
			);
			path = Paths;
			sourceTree = "<group>";
		};
		5B81028A292D2E9E00088044 /* ViewModel */ = {
			isa = PBXGroup;
			children = (
				5B81028B292D2EB200088044 /* ViewModel.swift */,
				5B81028F292D2F0A00088044 /* DataModelState.swift */,
			);
			path = ViewModel;
			sourceTree = "<group>";
		};
		5B810291292D2FC900088044 /* Views */ = {
			isa = PBXGroup;
			children = (
				5B810298292D360900088044 /* LocationView */,
				5B810297292D35FA00088044 /* CharactersView */,
				5B810292292D2FD800088044 /* HomeView */,
			);
			path = Views;
			sourceTree = "<group>";
		};
		5B810292292D2FD800088044 /* HomeView */ = {
			isa = PBXGroup;
			children = (
				5B810293292D2FEA00088044 /* HomeViewModel.swift */,
				5B810295292D300900088044 /* HomeView.swift */,
			);
			path = HomeView;
			sourceTree = "<group>";
		};
		5B810297292D35FA00088044 /* CharactersView */ = {
			isa = PBXGroup;
			children = (
				5B81029D292D363500088044 /* CharactersView.swift */,
				5B81029F292D364200088044 /* CharactersViewModel.swift */,
			);
			path = CharactersView;
			sourceTree = "<group>";
		};
		5B810298292D360900088044 /* LocationView */ = {
			isa = PBXGroup;
			children = (
				5B810299292D361B00088044 /* RMLocationView.swift */,
				5B81029B292D362700088044 /* RMLocationViewModel.swift */,
			);
			path = LocationView;
			sourceTree = "<group>";
		};
		5B8D035E292BD79100522674 /* Episodes */ = {
			isa = PBXGroup;
			children = (
				5B8D035F292BD7F700522674 /* AllEpisodesRequest.swift */,
				5B8D0361292BD86200522674 /* SingleEpisodeRequest.swift */,
			);
			path = Episodes;
			sourceTree = "<group>";
		};
		5B8D0363292BD8D400522674 /* Locations */ = {
			isa = PBXGroup;
			children = (
				5B8D0364292BD8E400522674 /* AllLocationsResquest.swift */,
				5B8D0366292BD91700522674 /* SingleLocationRequest.swift */,
			);
			path = Locations;
			sourceTree = "<group>";
		};
		5B8D0368292BD95B00522674 /* RMLocation */ = {
			isa = PBXGroup;
			children = (
				5B8D0369292BD96F00522674 /* RMLocationDataManager.swift */,
			);
			path = RMLocation;
			sourceTree = "<group>";
		};
		5B8D036B292BD9AC00522674 /* Episodes */ = {
			isa = PBXGroup;
			children = (
				5B8D036C292BD9C900522674 /* EpisodesDataManager.swift */,
			);
			path = Episodes;
			sourceTree = "<group>";
		};
		5B8D0373292BDF4E00522674 /* RickAndMortyAppTests */ = {
			isa = PBXGroup;
			children = (
				5B8D0374292BDF4E00522674 /* RickAndMorty_PathGenerationTest.swift */,
			);
			path = RickAndMortyAppTests;
			sourceTree = "<group>";
		};
		5B8F6DB9292F6BA800700AC3 /* Images */ = {
			isa = PBXGroup;
			children = (
				5B8F6DBA292F6BCF00700AC3 /* ImageResquest.swift */,
			);
			path = Images;
			sourceTree = "<group>";
		};
		5B8F6DBC292F6FE600700AC3 /* Resources */ = {
			isa = PBXGroup;
			children = (
				5B8F6DBD292F6FF500700AC3 /* UIComponets */,
				5B60AE9529229FB8000AA2A1 /* Assets.xcassets */,
			);
			path = Resources;
			sourceTree = "<group>";
		};
		5B8F6DBD292F6FF500700AC3 /* UIComponets */ = {
			isa = PBXGroup;
			children = (
				5B8F6DC0292F701900700AC3 /* Image */,
			);
			path = UIComponets;
			sourceTree = "<group>";
		};
		5B8F6DC0292F701900700AC3 /* Image */ = {
			isa = PBXGroup;
			children = (
				5B8F6DBE292F701200700AC3 /* ImageComponent.swift */,
				5B8F6DC1292F703500700AC3 /* ImageComponentViewModel.swift */,
			);
			path = Image;
			sourceTree = "<group>";
		};
		5B8F6DC3292F775300700AC3 /* Images */ = {
			isa = PBXGroup;
			children = (
				5B8F6DC4292F776500700AC3 /* ImageDataManager.swift */,
			);
			path = Images;
			sourceTree = "<group>";
		};
		5B8F6DCA292F792500700AC3 /* Services */ = {
			isa = PBXGroup;
			children = (
				5B8F6DCB292F795C00700AC3 /* LocalDataManager.swift */,
				5B60AEC52922BB72000AA2A1 /* NetworkManager.swift */,
				5B8F6DC8292F783200700AC3 /* ImageLocallFileManager.swift */,
				5B8F6DCD292F7BD000700AC3 /* LocalFileDataManager.swift */,
			);
			path = Services;
			sourceTree = "<group>";
		};
		5B8F6DCF292FDB3400700AC3 /* Image */ = {
			isa = PBXGroup;
			children = (
				5B8F6DD0292FDB3D00700AC3 /* ImageModel.swift */,
			);
			path = Image;
			sourceTree = "<group>";
		};
		5B916D2B292BEDBD0012D575 /* App */ = {
			isa = PBXGroup;
			children = (
				5B81028A292D2E9E00088044 /* ViewModel */,
				5B916D2C292BEDCF0012D575 /* Routes */,
				5B60AE9129229FB7000AA2A1 /* RickAndMortyAppApp.swift */,
			);
			path = App;
			sourceTree = "<group>";
		};
		5B916D2C292BEDCF0012D575 /* Routes */ = {
			isa = PBXGroup;
			children = (
				5B916D2D292BEDED0012D575 /* RouterView.swift */,
				5B916D35292BEEB00012D575 /* RouterViewModel.swift */,
				5B916D2F292BEE2E0012D575 /* ScreensRoutes.swift */,
				5B916D31292BEE360012D575 /* TabRoutes.swift */,
			);
			path = Routes;
			sourceTree = "<group>";
		};
/* End PBXGroup section */

/* Begin PBXNativeTarget section */
		5B60AE8D29229FB7000AA2A1 /* RickAndMortyApp */ = {
			isa = PBXNativeTarget;
			buildConfigurationList = 5B60AE9C29229FB8000AA2A1 /* Build configuration list for PBXNativeTarget "RickAndMortyApp" */;
			buildPhases = (
				5B60AE8A29229FB7000AA2A1 /* Sources */,
				5B60AE8B29229FB7000AA2A1 /* Frameworks */,
				5B60AE8C29229FB7000AA2A1 /* Resources */,
			);
			buildRules = (
			);
			dependencies = (
			);
			name = RickAndMortyApp;
			productName = RickAndMortyApp;
			productReference = 5B60AE8E29229FB7000AA2A1 /* RickAndMortyApp.app */;
			productType = "com.apple.product-type.application";
		};
		5B8D0371292BDF4E00522674 /* RickAndMortyAppTests */ = {
			isa = PBXNativeTarget;
			buildConfigurationList = 5B8D0378292BDF4E00522674 /* Build configuration list for PBXNativeTarget "RickAndMortyAppTests" */;
			buildPhases = (
				5B8D036E292BDF4E00522674 /* Sources */,
				5B8D036F292BDF4E00522674 /* Frameworks */,
				5B8D0370292BDF4E00522674 /* Resources */,
			);
			buildRules = (
			);
			dependencies = (
				5B8D0377292BDF4E00522674 /* PBXTargetDependency */,
			);
			name = RickAndMortyAppTests;
			productName = RickAndMortyAppTests;
			productReference = 5B8D0372292BDF4E00522674 /* RickAndMortyAppTests.xctest */;
			productType = "com.apple.product-type.bundle.unit-test";
		};
/* End PBXNativeTarget section */

/* Begin PBXProject section */
		5B60AE8629229FB7000AA2A1 /* Project object */ = {
			isa = PBXProject;
			attributes = {
				BuildIndependentTargetsInParallel = 1;
				LastSwiftUpdateCheck = 1410;
				LastUpgradeCheck = 1410;
				TargetAttributes = {
					5B60AE8D29229FB7000AA2A1 = {
						CreatedOnToolsVersion = 14.1;
					};
					5B8D0371292BDF4E00522674 = {
						CreatedOnToolsVersion = 14.1;
						TestTargetID = 5B60AE8D29229FB7000AA2A1;
					};
				};
			};
			buildConfigurationList = 5B60AE8929229FB7000AA2A1 /* Build configuration list for PBXProject "RickAndMortyApp" */;
			compatibilityVersion = "Xcode 14.0";
			developmentRegion = en;
			hasScannedForEncodings = 0;
			knownRegions = (
				en,
				Base,
			);
			mainGroup = 5B60AE8529229FB7000AA2A1;
			productRefGroup = 5B60AE8F29229FB7000AA2A1 /* Products */;
			projectDirPath = "";
			projectRoot = "";
			targets = (
				5B60AE8D29229FB7000AA2A1 /* RickAndMortyApp */,
				5B8D0371292BDF4E00522674 /* RickAndMortyAppTests */,
			);
		};
/* End PBXProject section */

/* Begin PBXResourcesBuildPhase section */
		5B60AE8C29229FB7000AA2A1 /* Resources */ = {
			isa = PBXResourcesBuildPhase;
			buildActionMask = 2147483647;
			files = (
				5B60AE9929229FB8000AA2A1 /* Preview Assets.xcassets in Resources */,
				5B60AE9629229FB8000AA2A1 /* Assets.xcassets in Resources */,
			);
			runOnlyForDeploymentPostprocessing = 0;
		};
		5B8D0370292BDF4E00522674 /* Resources */ = {
			isa = PBXResourcesBuildPhase;
			buildActionMask = 2147483647;
			files = (
			);
			runOnlyForDeploymentPostprocessing = 0;
		};
/* End PBXResourcesBuildPhase section */

/* Begin PBXSourcesBuildPhase section */
		5B60AE8A29229FB7000AA2A1 /* Sources */ = {
			isa = PBXSourcesBuildPhase;
			buildActionMask = 2147483647;
			files = (
				5B8102A0292D364200088044 /* CharactersViewModel.swift in Sources */,
				5B81029C292D362700088044 /* RMLocationViewModel.swift in Sources */,
				5B8D036A292BD96F00522674 /* RMLocationDataManager.swift in Sources */,
				5B60AEBE2922B7B1000AA2A1 /* Network.swift in Sources */,
				5B60AEAA2922A581000AA2A1 /* CharLocation.swift in Sources */,
				5B60AEA42922A510000AA2A1 /* CharacterInfo.swift in Sources */,
				5B0D563B2923EC3700534C93 /* CharacterDataManager.swift in Sources */,
				5B8D036D292BD9C900522674 /* EpisodesDataManager.swift in Sources */,
				5B916D2E292BEDED0012D575 /* RouterView.swift in Sources */,
				5B916D30292BEE2E0012D575 /* ScreensRoutes.swift in Sources */,
				5B8F6DC5292F776500700AC3 /* ImageDataManager.swift in Sources */,
				5B8F6DD1292FDB3D00700AC3 /* ImageModel.swift in Sources */,
				5B8F6DC2292F703500700AC3 /* ImageComponentViewModel.swift in Sources */,
				5B8D0362292BD86200522674 /* SingleEpisodeRequest.swift in Sources */,
				5B8F6DD3292FE68300700AC3 /* NONEPAths.swift in Sources */,
				5B60AEB12922B31E000AA2A1 /* LocationBaseInfo.swift in Sources */,
				5B8F6DBF292F701200700AC3 /* ImageComponent.swift in Sources */,
				5B60AEC62922BB72000AA2A1 /* NetworkManager.swift in Sources */,
				5B60AEB62922B50C000AA2A1 /* Episode.swift in Sources */,
				5B916D32292BEE360012D575 /* TabRoutes.swift in Sources */,
				5B8F6DBB292F6BCF00700AC3 /* ImageResquest.swift in Sources */,
				5B810296292D300900088044 /* HomeView.swift in Sources */,
				5B60AEA82922A571000AA2A1 /* Character.swift in Sources */,
				5B0D563D2923F0EE00534C93 /* TESTVm.swift in Sources */,
				5B60AEBA2922B63D000AA2A1 /* EpisodeInfo.swift in Sources */,
				5B60AED22922C074000AA2A1 /* RMLocationPaths.swift in Sources */,
				5B60AED02922BF84000AA2A1 /* CharacterPaths.swift in Sources */,
				5B8F6DCE292F7BD000700AC3 /* LocalFileDataManager.swift in Sources */,
				5B8D0360292BD7F700522674 /* AllEpisodesRequest.swift in Sources */,
				5B0D56362923EAB700534C93 /* AllCharactersResquest.swift in Sources */,
				5B60AEAF2922B290000AA2A1 /* RMLocation.swift in Sources */,
				5B81029E292D363500088044 /* CharactersView.swift in Sources */,
				5B81028C292D2EB200088044 /* ViewModel.swift in Sources */,
				5B8D0367292BD91700522674 /* SingleLocationRequest.swift in Sources */,
				5B60AEC92922BCE2000AA2A1 /* DataManager.swift in Sources */,
				5B60AEB82922B60A000AA2A1 /* EpisodeBaseInfo.swift in Sources */,
				5B60AECE2922BF15000AA2A1 /* APIMode.swift in Sources */,
				5B60AED42922C0E3000AA2A1 /* EpisodePaths.swift in Sources */,
				5B60AEA62922A55B000AA2A1 /* CharBaseInfo.swift in Sources */,
				5B60AEC02922B7DD000AA2A1 /* NetworkingError.swift in Sources */,
				5B60AECC2922BEFA000AA2A1 /* APIPath.swift in Sources */,
				5B8F6DC9292F783200700AC3 /* ImageLocallFileManager.swift in Sources */,
				5B60AEC22922B8F4000AA2A1 /* URLRequestBuilder.swift in Sources */,
				5B8D0365292BD8E400522674 /* AllLocationsResquest.swift in Sources */,
				5B60AE9429229FB7000AA2A1 /* ContentView.swift in Sources */,
				5B0D56382923EB8100534C93 /* SingleCharacterResquest.swift in Sources */,
				5B81029A292D361B00088044 /* RMLocationView.swift in Sources */,
				5B8F6DCC292F795C00700AC3 /* LocalDataManager.swift in Sources */,
				5B810294292D2FEA00088044 /* HomeViewModel.swift in Sources */,
				5B916D36292BEEB00012D575 /* RouterViewModel.swift in Sources */,
				5B60AEB32922B359000AA2A1 /* RMLocationInfo.swift in Sources */,
				5B60AE9229229FB7000AA2A1 /* RickAndMortyAppApp.swift in Sources */,
				5B810290292D2F0A00088044 /* DataModelState.swift in Sources */,
			);
			runOnlyForDeploymentPostprocessing = 0;
		};
		5B8D036E292BDF4E00522674 /* Sources */ = {
			isa = PBXSourcesBuildPhase;
			buildActionMask = 2147483647;
			files = (
				5B8D0381292BE29D00522674 /* RMLocationPaths.swift in Sources */,
				5B8D0382292BE2A000522674 /* EpisodePaths.swift in Sources */,
				5BB05A1F292BE32C00844DC1 /* CharBaseInfo.swift in Sources */,
				5BB05A20292BE32E00844DC1 /* Character.swift in Sources */,
				5B8D0380292BE29A00522674 /* CharacterPaths.swift in Sources */,
				5B8D0375292BDF4E00522674 /* RickAndMorty_PathGenerationTest.swift in Sources */,
				5BB05A21292BE33100844DC1 /* CharLocation.swift in Sources */,
				5B8D037F292BE29800522674 /* APIPath.swift in Sources */,
				5B8D037B292BE09800522674 /* AllCharactersResquest.swift in Sources */,
				5B8D037D292BE28E00522674 /* NetworkingError.swift in Sources */,
				5B8D0383292BE2DD00522674 /* CharacterInfo.swift in Sources */,
				5B8D037E292BE29200522674 /* APIMode.swift in Sources */,
				5B8D037C292BE23300522674 /* URLRequestBuilder.swift in Sources */,
			);
			runOnlyForDeploymentPostprocessing = 0;
		};
/* End PBXSourcesBuildPhase section */

/* Begin PBXTargetDependency section */
		5B8D0377292BDF4E00522674 /* PBXTargetDependency */ = {
			isa = PBXTargetDependency;
			target = 5B60AE8D29229FB7000AA2A1 /* RickAndMortyApp */;
			targetProxy = 5B8D0376292BDF4E00522674 /* PBXContainerItemProxy */;
		};
/* End PBXTargetDependency section */

/* Begin XCBuildConfiguration section */
		5B60AE9A29229FB8000AA2A1 /* Debug */ = {
			isa = XCBuildConfiguration;
			buildSettings = {
				ALWAYS_SEARCH_USER_PATHS = NO;
				CLANG_ANALYZER_NONNULL = YES;
				CLANG_ANALYZER_NUMBER_OBJECT_CONVERSION = YES_AGGRESSIVE;
				CLANG_CXX_LANGUAGE_STANDARD = "gnu++20";
				CLANG_ENABLE_MODULES = YES;
				CLANG_ENABLE_OBJC_ARC = YES;
				CLANG_ENABLE_OBJC_WEAK = YES;
				CLANG_WARN_BLOCK_CAPTURE_AUTORELEASING = YES;
				CLANG_WARN_BOOL_CONVERSION = YES;
				CLANG_WARN_COMMA = YES;
				CLANG_WARN_CONSTANT_CONVERSION = YES;
				CLANG_WARN_DEPRECATED_OBJC_IMPLEMENTATIONS = YES;
				CLANG_WARN_DIRECT_OBJC_ISA_USAGE = YES_ERROR;
				CLANG_WARN_DOCUMENTATION_COMMENTS = YES;
				CLANG_WARN_EMPTY_BODY = YES;
				CLANG_WARN_ENUM_CONVERSION = YES;
				CLANG_WARN_INFINITE_RECURSION = YES;
				CLANG_WARN_INT_CONVERSION = YES;
				CLANG_WARN_NON_LITERAL_NULL_CONVERSION = YES;
				CLANG_WARN_OBJC_IMPLICIT_RETAIN_SELF = YES;
				CLANG_WARN_OBJC_LITERAL_CONVERSION = YES;
				CLANG_WARN_OBJC_ROOT_CLASS = YES_ERROR;
				CLANG_WARN_QUOTED_INCLUDE_IN_FRAMEWORK_HEADER = YES;
				CLANG_WARN_RANGE_LOOP_ANALYSIS = YES;
				CLANG_WARN_STRICT_PROTOTYPES = YES;
				CLANG_WARN_SUSPICIOUS_MOVE = YES;
				CLANG_WARN_UNGUARDED_AVAILABILITY = YES_AGGRESSIVE;
				CLANG_WARN_UNREACHABLE_CODE = YES;
				CLANG_WARN__DUPLICATE_METHOD_MATCH = YES;
				COPY_PHASE_STRIP = NO;
				DEBUG_INFORMATION_FORMAT = dwarf;
				ENABLE_STRICT_OBJC_MSGSEND = YES;
				ENABLE_TESTABILITY = YES;
				GCC_C_LANGUAGE_STANDARD = gnu11;
				GCC_DYNAMIC_NO_PIC = NO;
				GCC_NO_COMMON_BLOCKS = YES;
				GCC_OPTIMIZATION_LEVEL = 0;
				GCC_PREPROCESSOR_DEFINITIONS = (
					"DEBUG=1",
					"$(inherited)",
				);
				GCC_WARN_64_TO_32_BIT_CONVERSION = YES;
				GCC_WARN_ABOUT_RETURN_TYPE = YES_ERROR;
				GCC_WARN_UNDECLARED_SELECTOR = YES;
				GCC_WARN_UNINITIALIZED_AUTOS = YES_AGGRESSIVE;
				GCC_WARN_UNUSED_FUNCTION = YES;
				GCC_WARN_UNUSED_VARIABLE = YES;
				IPHONEOS_DEPLOYMENT_TARGET = 16.1;
				MTL_ENABLE_DEBUG_INFO = INCLUDE_SOURCE;
				MTL_FAST_MATH = YES;
				ONLY_ACTIVE_ARCH = YES;
				SDKROOT = iphoneos;
				SWIFT_ACTIVE_COMPILATION_CONDITIONS = DEBUG;
				SWIFT_OPTIMIZATION_LEVEL = "-Onone";
			};
			name = Debug;
		};
		5B60AE9B29229FB8000AA2A1 /* Release */ = {
			isa = XCBuildConfiguration;
			buildSettings = {
				ALWAYS_SEARCH_USER_PATHS = NO;
				CLANG_ANALYZER_NONNULL = YES;
				CLANG_ANALYZER_NUMBER_OBJECT_CONVERSION = YES_AGGRESSIVE;
				CLANG_CXX_LANGUAGE_STANDARD = "gnu++20";
				CLANG_ENABLE_MODULES = YES;
				CLANG_ENABLE_OBJC_ARC = YES;
				CLANG_ENABLE_OBJC_WEAK = YES;
				CLANG_WARN_BLOCK_CAPTURE_AUTORELEASING = YES;
				CLANG_WARN_BOOL_CONVERSION = YES;
				CLANG_WARN_COMMA = YES;
				CLANG_WARN_CONSTANT_CONVERSION = YES;
				CLANG_WARN_DEPRECATED_OBJC_IMPLEMENTATIONS = YES;
				CLANG_WARN_DIRECT_OBJC_ISA_USAGE = YES_ERROR;
				CLANG_WARN_DOCUMENTATION_COMMENTS = YES;
				CLANG_WARN_EMPTY_BODY = YES;
				CLANG_WARN_ENUM_CONVERSION = YES;
				CLANG_WARN_INFINITE_RECURSION = YES;
				CLANG_WARN_INT_CONVERSION = YES;
				CLANG_WARN_NON_LITERAL_NULL_CONVERSION = YES;
				CLANG_WARN_OBJC_IMPLICIT_RETAIN_SELF = YES;
				CLANG_WARN_OBJC_LITERAL_CONVERSION = YES;
				CLANG_WARN_OBJC_ROOT_CLASS = YES_ERROR;
				CLANG_WARN_QUOTED_INCLUDE_IN_FRAMEWORK_HEADER = YES;
				CLANG_WARN_RANGE_LOOP_ANALYSIS = YES;
				CLANG_WARN_STRICT_PROTOTYPES = YES;
				CLANG_WARN_SUSPICIOUS_MOVE = YES;
				CLANG_WARN_UNGUARDED_AVAILABILITY = YES_AGGRESSIVE;
				CLANG_WARN_UNREACHABLE_CODE = YES;
				CLANG_WARN__DUPLICATE_METHOD_MATCH = YES;
				COPY_PHASE_STRIP = NO;
				DEBUG_INFORMATION_FORMAT = "dwarf-with-dsym";
				ENABLE_NS_ASSERTIONS = NO;
				ENABLE_STRICT_OBJC_MSGSEND = YES;
				GCC_C_LANGUAGE_STANDARD = gnu11;
				GCC_NO_COMMON_BLOCKS = YES;
				GCC_WARN_64_TO_32_BIT_CONVERSION = YES;
				GCC_WARN_ABOUT_RETURN_TYPE = YES_ERROR;
				GCC_WARN_UNDECLARED_SELECTOR = YES;
				GCC_WARN_UNINITIALIZED_AUTOS = YES_AGGRESSIVE;
				GCC_WARN_UNUSED_FUNCTION = YES;
				GCC_WARN_UNUSED_VARIABLE = YES;
				IPHONEOS_DEPLOYMENT_TARGET = 16.1;
				MTL_ENABLE_DEBUG_INFO = NO;
				MTL_FAST_MATH = YES;
				SDKROOT = iphoneos;
				SWIFT_COMPILATION_MODE = wholemodule;
				SWIFT_OPTIMIZATION_LEVEL = "-O";
				VALIDATE_PRODUCT = YES;
			};
			name = Release;
		};
		5B60AE9D29229FB8000AA2A1 /* Debug */ = {
			isa = XCBuildConfiguration;
			buildSettings = {
				ASSETCATALOG_COMPILER_APPICON_NAME = AppIcon;
				ASSETCATALOG_COMPILER_GLOBAL_ACCENT_COLOR_NAME = AccentColor;
				CODE_SIGN_STYLE = Automatic;
				CURRENT_PROJECT_VERSION = 1;
				DEVELOPMENT_ASSET_PATHS = "\"RickAndMortyApp/Preview Content\"";
				DEVELOPMENT_TEAM = Q3R352RARL;
				ENABLE_PREVIEWS = YES;
				GENERATE_INFOPLIST_FILE = YES;
				INFOPLIST_KEY_UIApplicationSceneManifest_Generation = YES;
				INFOPLIST_KEY_UIApplicationSupportsIndirectInputEvents = YES;
				INFOPLIST_KEY_UILaunchScreen_Generation = YES;
				INFOPLIST_KEY_UISupportedInterfaceOrientations = UIInterfaceOrientationPortrait;
				INFOPLIST_KEY_UISupportedInterfaceOrientations_iPad = "UIInterfaceOrientationLandscapeLeft UIInterfaceOrientationLandscapeRight UIInterfaceOrientationPortrait UIInterfaceOrientationPortraitUpsideDown";
				IPHONEOS_DEPLOYMENT_TARGET = 16.0;
				LD_RUNPATH_SEARCH_PATHS = (
					"$(inherited)",
					"@executable_path/Frameworks",
				);
				MARKETING_VERSION = 1.0;
				PRODUCT_BUNDLE_IDENTIFIER = com.rodri2d2.RickAndMortyApp;
				PRODUCT_NAME = "$(TARGET_NAME)";
				SUPPORTED_PLATFORMS = "iphoneos iphonesimulator";
				SUPPORTS_MACCATALYST = NO;
				SUPPORTS_MAC_DESIGNED_FOR_IPHONE_IPAD = NO;
				SWIFT_EMIT_LOC_STRINGS = YES;
				SWIFT_VERSION = 5.0;
				TARGETED_DEVICE_FAMILY = 1;
			};
			name = Debug;
		};
		5B60AE9E29229FB8000AA2A1 /* Release */ = {
			isa = XCBuildConfiguration;
			buildSettings = {
				ASSETCATALOG_COMPILER_APPICON_NAME = AppIcon;
				ASSETCATALOG_COMPILER_GLOBAL_ACCENT_COLOR_NAME = AccentColor;
				CODE_SIGN_STYLE = Automatic;
				CURRENT_PROJECT_VERSION = 1;
				DEVELOPMENT_ASSET_PATHS = "\"RickAndMortyApp/Preview Content\"";
				DEVELOPMENT_TEAM = Q3R352RARL;
				ENABLE_PREVIEWS = YES;
				GENERATE_INFOPLIST_FILE = YES;
				INFOPLIST_KEY_UIApplicationSceneManifest_Generation = YES;
				INFOPLIST_KEY_UIApplicationSupportsIndirectInputEvents = YES;
				INFOPLIST_KEY_UILaunchScreen_Generation = YES;
				INFOPLIST_KEY_UISupportedInterfaceOrientations = UIInterfaceOrientationPortrait;
				INFOPLIST_KEY_UISupportedInterfaceOrientations_iPad = "UIInterfaceOrientationLandscapeLeft UIInterfaceOrientationLandscapeRight UIInterfaceOrientationPortrait UIInterfaceOrientationPortraitUpsideDown";
				IPHONEOS_DEPLOYMENT_TARGET = 16.0;
				LD_RUNPATH_SEARCH_PATHS = (
					"$(inherited)",
					"@executable_path/Frameworks",
				);
				MARKETING_VERSION = 1.0;
				PRODUCT_BUNDLE_IDENTIFIER = com.rodri2d2.RickAndMortyApp;
				PRODUCT_NAME = "$(TARGET_NAME)";
				SUPPORTED_PLATFORMS = "iphoneos iphonesimulator";
				SUPPORTS_MACCATALYST = NO;
				SUPPORTS_MAC_DESIGNED_FOR_IPHONE_IPAD = NO;
				SWIFT_EMIT_LOC_STRINGS = YES;
				SWIFT_VERSION = 5.0;
				TARGETED_DEVICE_FAMILY = 1;
			};
			name = Release;
		};
		5B8D0379292BDF4E00522674 /* Debug */ = {
			isa = XCBuildConfiguration;
			buildSettings = {
				BUNDLE_LOADER = "$(TEST_HOST)";
				CODE_SIGN_STYLE = Automatic;
				CURRENT_PROJECT_VERSION = 1;
				DEVELOPMENT_TEAM = Q3R352RARL;
				GENERATE_INFOPLIST_FILE = YES;
				MARKETING_VERSION = 1.0;
				PRODUCT_BUNDLE_IDENTIFIER = com.rodri2d2.RickAndMortyAppTests;
				PRODUCT_NAME = "$(TARGET_NAME)";
				SWIFT_EMIT_LOC_STRINGS = NO;
				SWIFT_VERSION = 5.0;
				TARGETED_DEVICE_FAMILY = "1,2";
				TEST_HOST = "$(BUILT_PRODUCTS_DIR)/RickAndMortyApp.app/$(BUNDLE_EXECUTABLE_FOLDER_PATH)/RickAndMortyApp";
			};
			name = Debug;
		};
		5B8D037A292BDF4E00522674 /* Release */ = {
			isa = XCBuildConfiguration;
			buildSettings = {
				BUNDLE_LOADER = "$(TEST_HOST)";
				CODE_SIGN_STYLE = Automatic;
				CURRENT_PROJECT_VERSION = 1;
				DEVELOPMENT_TEAM = Q3R352RARL;
				GENERATE_INFOPLIST_FILE = YES;
				MARKETING_VERSION = 1.0;
				PRODUCT_BUNDLE_IDENTIFIER = com.rodri2d2.RickAndMortyAppTests;
				PRODUCT_NAME = "$(TARGET_NAME)";
				SWIFT_EMIT_LOC_STRINGS = NO;
				SWIFT_VERSION = 5.0;
				TARGETED_DEVICE_FAMILY = "1,2";
				TEST_HOST = "$(BUILT_PRODUCTS_DIR)/RickAndMortyApp.app/$(BUNDLE_EXECUTABLE_FOLDER_PATH)/RickAndMortyApp";
			};
			name = Release;
		};
/* End XCBuildConfiguration section */

/* Begin XCConfigurationList section */
		5B60AE8929229FB7000AA2A1 /* Build configuration list for PBXProject "RickAndMortyApp" */ = {
			isa = XCConfigurationList;
			buildConfigurations = (
				5B60AE9A29229FB8000AA2A1 /* Debug */,
				5B60AE9B29229FB8000AA2A1 /* Release */,
			);
			defaultConfigurationIsVisible = 0;
			defaultConfigurationName = Release;
		};
		5B60AE9C29229FB8000AA2A1 /* Build configuration list for PBXNativeTarget "RickAndMortyApp" */ = {
			isa = XCConfigurationList;
			buildConfigurations = (
				5B60AE9D29229FB8000AA2A1 /* Debug */,
				5B60AE9E29229FB8000AA2A1 /* Release */,
			);
			defaultConfigurationIsVisible = 0;
			defaultConfigurationName = Release;
		};
		5B8D0378292BDF4E00522674 /* Build configuration list for PBXNativeTarget "RickAndMortyAppTests" */ = {
			isa = XCConfigurationList;
			buildConfigurations = (
				5B8D0379292BDF4E00522674 /* Debug */,
				5B8D037A292BDF4E00522674 /* Release */,
			);
			defaultConfigurationIsVisible = 0;
			defaultConfigurationName = Release;
		};
/* End XCConfigurationList section */
	};
	rootObject = 5B60AE8629229FB7000AA2A1 /* Project object */;
}
